
Microsoft Visual Studio Solution File, Format Version 12.00
# Visual Studio Version 17
VisualStudioVersion = 17.11.35222.181
MinimumVisualStudioVersion = 10.0.40219.1
Project("{9A19103F-16F7-4668-BE54-9A1E7A4F7556}") = "Multithreading", "Multithreading\Multithreading.csproj", "{B1191348-99B2-4ABB-8FD1-F6CED9F7F23C}"
EndProject
Project("{FAE04EC0-301F-11D3-BF4B-00C04F79EFBC}") = "SemanticKernelWithHuggingFace", "SemanticKernelWithHuggingFace\SemanticKernelWithHuggingFace.csproj", "{8910C5B6-F305-4FE9-96B1-FA10D081CAE8}"
EndProject
Global
	GlobalSection(SolutionConfigurationPlatforms) = preSolution
		Debug|Any CPU = Debug|Any CPU
		Release|Any CPU = Release|Any CPU
	EndGlobalSection
	GlobalSection(ProjectConfigurationPlatforms) = postSolution
		{B1191348-99B2-4ABB-8FD1-F6CED9F7F23C}.Debug|Any CPU.ActiveCfg = Debug|Any CPU
		{B1191348-99B2-4ABB-8FD1-F6CED9F7F23C}.Debug|Any CPU.Build.0 = Debug|Any CPU
		{B1191348-99B2-4ABB-8FD1-F6CED9F7F23C}.Release|Any CPU.ActiveCfg = Release|Any CPU
		{B1191348-99B2-4ABB-8FD1-F6CED9F7F23C}.Release|Any CPU.Build.0 = Release|Any CPU
		{8910C5B6-F305-4FE9-96B1-FA10D081CAE8}.Debug|Any CPU.ActiveCfg = Debug|Any CPU
		{8910C5B6-F305-4FE9-96B1-FA10D081CAE8}.Debug|Any CPU.Build.0 = Debug|Any CPU
		{8910C5B6-F305-4FE9-96B1-FA10D081CAE8}.Release|Any CPU.ActiveCfg = Release|Any CPU
		{8910C5B6-F305-4FE9-96B1-FA10D081CAE8}.Release|Any CPU.Build.0 = Release|Any CPU
	EndGlobalSection
	GlobalSection(SolutionProperties) = preSolution
		HideSolutionNode = FALSE
	EndGlobalSection
	GlobalSection(ExtensibilityGlobals) = postSolution
		SolutionGuid = {1206570E-5CCA-4AE5-B35B-07C94142A1B7}
	EndGlobalSection
EndGlobal
